
Microsoft Visual Studio Solution File, Format Version 12.00
# Visual Studio Version 16
VisualStudioVersion = 16.0.31025.194
MinimumVisualStudioVersion = 10.0.40219.1
Project("{9A19103F-16F7-4668-BE54-9A1E7A4F7556}") = "Events.API", "Events.API\Events.API.csproj", "{DE40E929-66FA-4C6A-8E05-20A9301222E1}"
EndProject
Project("{FAE04EC0-301F-11D3-BF4B-00C04F79EFBC}") = "Events.Tests", "Events.Tests\Events.Tests.csproj", "{549AD044-3E5A-4600-95BC-9672391E0A40}"
EndProject
Global
	GlobalSection(SolutionConfigurationPlatforms) = preSolution
		Debug|Any CPU = Debug|Any CPU
		Release|Any CPU = Release|Any CPU
	EndGlobalSection
	GlobalSection(ProjectConfigurationPlatforms) = postSolution
		{DE40E929-66FA-4C6A-8E05-20A9301222E1}.Debug|Any CPU.ActiveCfg = Debug|Any CPU
		{DE40E929-66FA-4C6A-8E05-20A9301222E1}.Debug|Any CPU.Build.0 = Debug|Any CPU
		{DE40E929-66FA-4C6A-8E05-20A9301222E1}.Release|Any CPU.ActiveCfg = Release|Any CPU
		{DE40E929-66FA-4C6A-8E05-20A9301222E1}.Release|Any CPU.Build.0 = Release|Any CPU
		{549AD044-3E5A-4600-95BC-9672391E0A40}.Debug|Any CPU.ActiveCfg = Debug|Any CPU
		{549AD044-3E5A-4600-95BC-9672391E0A40}.Debug|Any CPU.Build.0 = Debug|Any CPU
		{549AD044-3E5A-4600-95BC-9672391E0A40}.Release|Any CPU.ActiveCfg = Release|Any CPU
		{549AD044-3E5A-4600-95BC-9672391E0A40}.Release|Any CPU.Build.0 = Release|Any CPU
	EndGlobalSection
	GlobalSection(SolutionProperties) = preSolution
		HideSolutionNode = FALSE
	EndGlobalSection
	GlobalSection(ExtensibilityGlobals) = postSolution
		SolutionGuid = {D5D95663-2ABF-4519-94EA-73A2FF79AE49}
	EndGlobalSection
EndGlobal
